// !$*UTF8*$!
{
	archiveVersion = 1;
	classes = {
	};
	objectVersion = 46;
	objects = {

/* Begin PBXBuildFile section */
		1A17AFA419D7F21F00D2A910 /* SagradaFamilia.jpeg in Resources */ = {isa = PBXBuildFile; fileRef = 1A17AFA319D7F21F00D2A910 /* SagradaFamilia.jpeg */; };
		1A17AFA619D7F7C800D2A910 /* AlbertEinsteinStamp.jpg in Resources */ = {isa = PBXBuildFile; fileRef = 1A17AFA519D7F7C800D2A910 /* AlbertEinsteinStamp.jpg */; };
		1A5661DA19CFCE9E003DC068 /* AppDelegate.swift in Sources */ = {isa = PBXBuildFile; fileRef = 1A5661D919CFCE9E003DC068 /* AppDelegate.swift */; };
		1A5661DC19CFCE9E003DC068 /* ViewController.swift in Sources */ = {isa = PBXBuildFile; fileRef = 1A5661DB19CFCE9E003DC068 /* ViewController.swift */; };
		1A5661DF19CFCE9E003DC068 /* Main.storyboard in Resources */ = {isa = PBXBuildFile; fileRef = 1A5661DD19CFCE9E003DC068 /* Main.storyboard */; };
		1A5661E119CFCE9E003DC068 /* Images.xcassets in Resources */ = {isa = PBXBuildFile; fileRef = 1A5661E019CFCE9E003DC068 /* Images.xcassets */; };
		1A5661E419CFCE9E003DC068 /* LaunchScreen.xib in Resources */ = {isa = PBXBuildFile; fileRef = 1A5661E219CFCE9E003DC068 /* LaunchScreen.xib */; };
		1A5661F019CFCE9E003DC068 /* PostcardTests.swift in Sources */ = {isa = PBXBuildFile; fileRef = 1A5661EF19CFCE9E003DC068 /* PostcardTests.swift */; };
/* End PBXBuildFile section */

/* Begin PBXContainerItemProxy section */
		1A5661EA19CFCE9E003DC068 /* PBXContainerItemProxy */ = {
			isa = PBXContainerItemProxy;
			containerPortal = 1A5661CC19CFCE9E003DC068 /* Project object */;
			proxyType = 1;
			remoteGlobalIDString = 1A5661D319CFCE9E003DC068;
			remoteInfo = Postcard;
		};
/* End PBXContainerItemProxy section */

/* Begin PBXFileReference section */
		1A17AFA319D7F21F00D2A910 /* SagradaFamilia.jpeg */ = {isa = PBXFileReference; lastKnownFileType = image.jpeg; path = SagradaFamilia.jpeg; sourceTree = "<group>"; };
		1A17AFA519D7F7C800D2A910 /* AlbertEinsteinStamp.jpg */ = {isa = PBXFileReference; lastKnownFileType = image.jpeg; path = AlbertEinsteinStamp.jpg; sourceTree = "<group>"; };
		1A5661D419CFCE9E003DC068 /* Postcard.app */ = {isa = PBXFileReference; explicitFileType = wrapper.application; includeInIndex = 0; path = Postcard.app; sourceTree = BUILT_PRODUCTS_DIR; };
		1A5661D819CFCE9E003DC068 /* Info.plist */ = {isa = PBXFileReference; lastKnownFileType = text.plist.xml; path = Info.plist; sourceTree = "<group>"; };
		1A5661D919CFCE9E003DC068 /* AppDelegate.swift */ = {isa = PBXFileReference; lastKnownFileType = sourcecode.swift; path = AppDelegate.swift; sourceTree = "<group>"; };
		1A5661DB19CFCE9E003DC068 /* ViewController.swift */ = {isa = PBXFileReference; lastKnownFileType = sourcecode.swift; path = ViewController.swift; sourceTree = "<group>"; };
		1A5661DE19CFCE9E003DC068 /* Base */ = {isa = PBXFileReference; lastKnownFileType = file.storyboard; name = Base; path = Base.lproj/Main.storyboard; sourceTree = "<group>"; };
		1A5661E019CFCE9E003DC068 /* Images.xcassets */ = {isa = PBXFileReference; lastKnownFileType = folder.assetcatalog; path = Images.xcassets; sourceTree = "<group>"; };
		1A5661E319CFCE9E003DC068 /* Base */ = {isa = PBXFileReference; lastKnownFileType = file.xib; name = Base; path = Base.lproj/LaunchScreen.xib; sourceTree = "<group>"; };
		1A5661E919CFCE9E003DC068 /* PostcardTests.xctest */ = {isa = PBXFileReference; explicitFileType = wrapper.cfbundle; includeInIndex = 0; path = PostcardTests.xctest; sourceTree = BUILT_PRODUCTS_DIR; };
		1A5661EE19CFCE9E003DC068 /* Info.plist */ = {isa = PBXFileReference; lastKnownFileType = text.plist.xml; path = Info.plist; sourceTree = "<group>"; };
		1A5661EF19CFCE9E003DC068 /* PostcardTests.swift */ = {isa = PBXFileReference; lastKnownFileType = sourcecode.swift; path = PostcardTests.swift; sourceTree = "<group>"; };
/* End PBXFileReference section */

/* Begin PBXFrameworksBuildPhase section */
		1A5661D119CFCE9E003DC068 /* Frameworks */ = {
			isa = PBXFrameworksBuildPhase;
			buildActionMask = 2147483647;
			files = (
			);
			runOnlyForDeploymentPostprocessing = 0;
		};
		1A5661E619CFCE9E003DC068 /* Frameworks */ = {
			isa = PBXFrameworksBuildPhase;
			buildActionMask = 2147483647;
			files = (
			);
			runOnlyForDeploymentPostprocessing = 0;
		};
/* End PBXFrameworksBuildPhase section */

/* Begin PBXGroup section */
		1A5661CB19CFCE9E003DC068 = {
			isa = PBXGroup;
			children = (
				1A5661D619CFCE9E003DC068 /* Postcard */,
				1A5661EC19CFCE9E003DC068 /* PostcardTests */,
				1A5661D519CFCE9E003DC068 /* Products */,
			);
			sourceTree = "<group>";
		};
		1A5661D519CFCE9E003DC068 /* Products */ = {
			isa = PBXGroup;
			children = (
				1A5661D419CFCE9E003DC068 /* Postcard.app */,
				1A5661E919CFCE9E003DC068 /* PostcardTests.xctest */,
			);
			name = Products;
			sourceTree = "<group>";
		};
		1A5661D619CFCE9E003DC068 /* Postcard */ = {
			isa = PBXGroup;
			children = (
				1A5661D919CFCE9E003DC068 /* AppDelegate.swift */,
				1A5661DB19CFCE9E003DC068 /* ViewController.swift */,
				1A5661DD19CFCE9E003DC068 /* Main.storyboard */,
				1A5661E019CFCE9E003DC068 /* Images.xcassets */,
				1A5661E219CFCE9E003DC068 /* LaunchScreen.xib */,
				1A5661D719CFCE9E003DC068 /* Supporting Files */,
			);
			path = Postcard;
			sourceTree = "<group>";
		};
		1A5661D719CFCE9E003DC068 /* Supporting Files */ = {
			isa = PBXGroup;
			children = (
				1A17AFA519D7F7C800D2A910 /* AlbertEinsteinStamp.jpg */,
				1A17AFA319D7F21F00D2A910 /* SagradaFamilia.jpeg */,
				1A5661D819CFCE9E003DC068 /* Info.plist */,
			);
			name = "Supporting Files";
			sourceTree = "<group>";
		};
		1A5661EC19CFCE9E003DC068 /* PostcardTests */ = {
			isa = PBXGroup;
			children = (
				1A5661EF19CFCE9E003DC068 /* PostcardTests.swift */,
				1A5661ED19CFCE9E003DC068 /* Supporting Files */,
			);
			path = PostcardTests;
			sourceTree = "<group>";
		};
		1A5661ED19CFCE9E003DC068 /* Supporting Files */ = {
			isa = PBXGroup;
			children = (
				1A5661EE19CFCE9E003DC068 /* Info.plist */,
			);
			name = "Supporting Files";
			sourceTree = "<group>";
		};
/* End PBXGroup section */

/* Begin PBXNativeTarget section */
		1A5661D319CFCE9E003DC068 /* Postcard */ = {
			isa = PBXNativeTarget;
			buildConfigurationList = 1A5661F319CFCE9E003DC068 /* Build configuration list for PBXNativeTarget "Postcard" */;
			buildPhases = (
				1A5661D019CFCE9E003DC068 /* Sources */,
				1A5661D119CFCE9E003DC068 /* Frameworks */,
				1A5661D219CFCE9E003DC068 /* Resources */,
			);
			buildRules = (
			);
			dependencies = (
			);
			name = Postcard;
			productName = Postcard;
			productReference = 1A5661D419CFCE9E003DC068 /* Postcard.app */;
			productType = "com.apple.product-type.application";
		};
		1A5661E819CFCE9E003DC068 /* PostcardTests */ = {
			isa = PBXNativeTarget;
			buildConfigurationList = 1A5661F619CFCE9E003DC068 /* Build configuration list for PBXNativeTarget "PostcardTests" */;
			buildPhases = (
				1A5661E519CFCE9E003DC068 /* Sources */,
				1A5661E619CFCE9E003DC068 /* Frameworks */,
				1A5661E719CFCE9E003DC068 /* Resources */,
			);
			buildRules = (
			);
			dependencies = (
				1A5661EB19CFCE9E003DC068 /* PBXTargetDependency */,
			);
			name = PostcardTests;
			productName = PostcardTests;
			productReference = 1A5661E919CFCE9E003DC068 /* PostcardTests.xctest */;
			productType = "com.apple.product-type.bundle.unit-test";
		};
/* End PBXNativeTarget section */

/* Begin PBXProject section */
		1A5661CC19CFCE9E003DC068 /* Project object */ = {
			isa = PBXProject;
			attributes = {
				LastUpgradeCheck = 0600;
				ORGANIZATIONNAME = "James Davey";
				TargetAttributes = {
					1A5661D319CFCE9E003DC068 = {
						CreatedOnToolsVersion = 6.0;
					};
					1A5661E819CFCE9E003DC068 = {
						CreatedOnToolsVersion = 6.0;
						TestTargetID = 1A5661D319CFCE9E003DC068;
					};
				};
			};
			buildConfigurationList = 1A5661CF19CFCE9E003DC068 /* Build configuration list for PBXProject "Postcard" */;
			compatibilityVersion = "Xcode 3.2";
			developmentRegion = English;
			hasScannedForEncodings = 0;
			knownRegions = (
				en,
				Base,
			);
			mainGroup = 1A5661CB19CFCE9E003DC068;
			productRefGroup = 1A5661D519CFCE9E003DC068 /* Products */;
			projectDirPath = "";
			projectRoot = "";
			targets = (
				1A5661D319CFCE9E003DC068 /* Postcard */,
				1A5661E819CFCE9E003DC068 /* PostcardTests */,
			);
		};
/* End PBXProject section */

/* Begin PBXResourcesBuildPhase section */
		1A5661D219CFCE9E003DC068 /* Resources */ = {
			isa = PBXResourcesBuildPhase;
			buildActionMask = 2147483647;
			files = (
				1A5661DF19CFCE9E003DC068 /* Main.storyboard in Resources */,
				1A17AFA419D7F21F00D2A910 /* SagradaFamilia.jpeg in Resources */,
				1A17AFA619D7F7C800D2A910 /* AlbertEinsteinStamp.jpg in Resources */,
				1A5661E419CFCE9E003DC068 /* LaunchScreen.xib in Resources */,
				1A5661E119CFCE9E003DC068 /* Images.xcassets in Resources */,
			);
			runOnlyForDeploymentPostprocessing = 0;
		};
		1A5661E719CFCE9E003DC068 /* Resources */ = {
			isa = PBXResourcesBuildPhase;
			buildActionMask = 2147483647;
			files = (
			);
			runOnlyForDeploymentPostprocessing = 0;
		};
/* End PBXResourcesBuildPhase section */

/* Begin PBXSourcesBuildPhase section */
		1A5661D019CFCE9E003DC068 /* Sources */ = {
			isa = PBXSourcesBuildPhase;
			buildActionMask = 2147483647;
			files = (
				1A5661DC19CFCE9E003DC068 /* ViewController.swift in Sources */,
				1A5661DA19CFCE9E003DC068 /* AppDelegate.swift in Sources */,
			);
			runOnlyForDeploymentPostprocessing = 0;
		};
		1A5661E519CFCE9E003DC068 /* Sources */ = {
			isa = PBXSourcesBuildPhase;
			buildActionMask = 2147483647;
			files = (
				1A5661F019CFCE9E003DC068 /* PostcardTests.swift in Sources */,
			);
			runOnlyForDeploymentPostprocessing = 0;
		};
/* End PBXSourcesBuildPhase section */

/* Begin PBXTargetDependency section */
		1A5661EB19CFCE9E003DC068 /* PBXTargetDependency */ = {
			isa = PBXTargetDependency;
			target = 1A5661D319CFCE9E003DC068 /* Postcard */;
			targetProxy = 1A5661EA19CFCE9E003DC068 /* PBXContainerItemProxy */;
		};
/* End PBXTargetDependency section */

/* Begin PBXVariantGroup section */
		1A5661DD19CFCE9E003DC068 /* Main.storyboard */ = {
			isa = PBXVariantGroup;
			children = (
				1A5661DE19CFCE9E003DC068 /* Base */,
			);
			name = Main.storyboard;
			sourceTree = "<group>";
		};
		1A5661E219CFCE9E003DC068 /* LaunchScreen.xib */ = {
			isa = PBXVariantGroup;
			children = (
				1A5661E319CFCE9E003DC068 /* Base */,
			);
			name = LaunchScreen.xib;
			sourceTree = "<group>";
		};
/* End PBXVariantGroup section */

/* Begin XCBuildConfiguration section */
		1A5661F119CFCE9E003DC068 /* Debug */ = {
			isa = XCBuildConfiguration;
			buildSettings = {
				ALWAYS_SEARCH_USER_PATHS = NO;
				CLANG_CXX_LANGUAGE_STANDARD = "gnu++0x";
				CLANG_CXX_LIBRARY = "libc++";
				CLANG_ENABLE_MODULES = YES;
				CLANG_ENABLE_OBJC_ARC = YES;
				CLANG_WARN_BOOL_CONVERSION = YES;
				CLANG_WARN_CONSTANT_CONVERSION = YES;
				CLANG_WARN_DIRECT_OBJC_ISA_USAGE = YES_ERROR;
				CLANG_WARN_EMPTY_BODY = YES;
				CLANG_WARN_ENUM_CONVERSION = YES;
				CLANG_WARN_INT_CONVERSION = YES;
				CLANG_WARN_OBJC_ROOT_CLASS = YES_ERROR;
				CLANG_WARN_UNREACHABLE_CODE = YES;
				CLANG_WARN__DUPLICATE_METHOD_MATCH = YES;
				"CODE_SIGN_IDENTITY[sdk=iphoneos*]" = "iPhone Developer";
				COPY_PHASE_STRIP = NO;
				ENABLE_STRICT_OBJC_MSGSEND = YES;
				GCC_C_LANGUAGE_STANDARD = gnu99;
				GCC_DYNAMIC_NO_PIC = NO;
				GCC_OPTIMIZATION_LEVEL = 0;
				GCC_PREPROCESSOR_DEFINITIONS = (
					"DEBUG=1",
					"$(inherited)",
				);
				GCC_SYMBOLS_PRIVATE_EXTERN = NO;
				GCC_WARN_64_TO_32_BIT_CONVERSION = YES;
				GCC_WARN_ABOUT_RETURN_TYPE = YES_ERROR;
				GCC_WARN_UNDECLARED_SELECTOR = YES;
				GCC_WARN_UNINITIALIZED_AUTOS = YES_AGGRESSIVE;
				GCC_WARN_UNUSED_FUNCTION = YES;
				GCC_WARN_UNUSED_VARIABLE = YES;
				IPHONEOS_DEPLOYMENT_TARGET = 8.0;
				MTL_ENABLE_DEBUG_INFO = YES;
				ONLY_ACTIVE_ARCH = YES;
				SDKROOT = iphoneos;
				SWIFT_OPTIMIZATION_LEVEL = "-Onone";
			};
			name = Debug;
		};
		1A5661F219CFCE9E003DC068 /* Release */ = {
			isa = XCBuildConfiguration;
			buildSettings = {
				ALWAYS_SEARCH_USER_PATHS = NO;
				CLANG_CXX_LANGUAGE_STANDARD = "gnu++0x";
				CLANG_CXX_LIBRARY = "libc++";
				CLANG_ENABLE_MODULES = YES;
				CLANG_ENABLE_OBJC_ARC = YES;
				CLANG_WARN_BOOL_CONVERSION = YES;
				CLANG_WARN_CONSTANT_CONVERSION = YES;
				CLANG_WARN_DIRECT_OBJC_ISA_USAGE = YES_ERROR;
				CLANG_WARN_EMPTY_BODY = YES;
				CLANG_WARN_ENUM_CONVERSION = YES;
				CLANG_WARN_INT_CONVERSION = YES;
				CLANG_WARN_OBJC_ROOT_CLASS = YES_ERROR;
				CLANG_WARN_UNREACHABLE_CODE = YES;
				CLANG_WARN__DUPLICATE_METHOD_MATCH = YES;
				"CODE_SIGN_IDENTITY[sdk=iphoneos*]" = "iPhone Developer";
				COPY_PHASE_STRIP = YES;
				ENABLE_NS_ASSERTIONS = NO;
				ENABLE_STRICT_OBJC_MSGSEND = YES;
				GCC_C_LANGUAGE_STANDARD = gnu99;
				GCC_WARN_64_TO_32_BIT_CONVERSION = YES;
				GCC_WARN_ABOUT_RETURN_TYPE = YES_ERROR;
				GCC_WARN_UNDECLARED_SELECTOR = YES;
				GCC_WARN_UNINITIALIZED_AUTOS = YES_AGGRESSIVE;
				GCC_WARN_UNUSED_FUNCTION = YES;
				GCC_WARN_UNUSED_VARIABLE = YES;
				IPHONEOS_DEPLOYMENT_TARGET = 8.0;
				MTL_ENABLE_DEBUG_INFO = NO;
				SDKROOT = iphoneos;
				VALIDATE_PRODUCT = YES;
			};
			name = Release;
		};
		1A5661F419CFCE9E003DC068 /* Debug */ = {
			isa = XCBuildConfiguration;
			buildSettings = {
				ASSETCATALOG_COMPILER_APPICON_NAME = AppIcon;
				INFOPLIST_FILE = Postcard/Info.plist;
				LD_RUNPATH_SEARCH_PATHS = "$(inherited) @executable_path/Frameworks";
				PRODUCT_NAME = "$(TARGET_NAME)";
			};
			name = Debug;
		};
		1A5661F519CFCE9E003DC068 /* Release */ = {
			isa = XCBuildConfiguration;
			buildSettings = {
				ASSETCATALOG_COMPILER_APPICON_NAME = AppIcon;
				INFOPLIST_FILE = Postcard/Info.plist;
				LD_RUNPATH_SEARCH_PATHS = "$(inherited) @executable_path/Frameworks";
				PRODUCT_NAME = "$(TARGET_NAME)";
			};
			name = Release;
		};
		1A5661F719CFCE9E003DC068 /* Debug */ = {
			isa = XCBuildConfiguration;
			buildSettings = {
				BUNDLE_LOADER = "$(TEST_HOST)";
				FRAMEWORK_SEARCH_PATHS = (
					"$(SDKROOT)/Developer/Library/Frameworks",
					"$(inherited)",
				);
				GCC_PREPROCESSOR_DEFINITIONS = (
					"DEBUG=1",
					"$(inherited)",
				);
				INFOPLIST_FILE = PostcardTests/Info.plist;
				LD_RUNPATH_SEARCH_PATHS = "$(inherited) @executable_path/Frameworks @loader_path/Frameworks";
				PRODUCT_NAME = "$(TARGET_NAME)";
				TEST_HOST = "$(BUILT_PRODUCTS_DIR)/Postcard.app/Postcard";
			};
			name = Debug;
		};
		1A5661F819CFCE9E003DC068 /* Release */ = {
			isa = XCBuildConfiguration;
			buildSettings = {
				BUNDLE_LOADER = "$(TEST_HOST)";
				FRAMEWORK_SEARCH_PATHS = (
					"$(SDKROOT)/Developer/Library/Frameworks",
					"$(inherited)",
				);
				INFOPLIST_FILE = PostcardTests/Info.plist;
				LD_RUNPATH_SEARCH_PATHS = "$(inherited) @executable_path/Frameworks @loader_path/Frameworks";
				PRODUCT_NAME = "$(TARGET_NAME)";
				TEST_HOST = "$(BUILT_PRODUCTS_DIR)/Postcard.app/Postcard";
			};
			name = Release;
		};
/* End XCBuildConfiguration section */

/* Begin XCConfigurationList section */
		1A5661CF19CFCE9E003DC068 /* Build configuration list for PBXProject "Postcard" */ = {
			isa = XCConfigurationList;
			buildConfigurations = (
				1A5661F119CFCE9E003DC068 /* Debug */,
				1A5661F219CFCE9E003DC068 /* Release */,
			);
			defaultConfigurationIsVisible = 0;
			defaultConfigurationName = Release;
		};
		1A5661F319CFCE9E003DC068 /* Build configuration list for PBXNativeTarget "Postcard" */ = {
			isa = XCConfigurationList;
			buildConfigurations = (
				1A5661F419CFCE9E003DC068 /* Debug */,
				1A5661F519CFCE9E003DC068 /* Release */,
			);
			defaultConfigurationIsVisible = 0;
			defaultConfigurationName = Release;
		};
		1A5661F619CFCE9E003DC068 /* Build configuration list for PBXNativeTarget "PostcardTests" */ = {
			isa = XCConfigurationList;
			buildConfigurations = (
				1A5661F719CFCE9E003DC068 /* Debug */,
				1A5661F819CFCE9E003DC068 /* Release */,
			);
			defaultConfigurationIsVisible = 0;
			defaultConfigurationName = Release;
		};
/* End XCConfigurationList section */
	};
	rootObject = 1A5661CC19CFCE9E003DC068 /* Project object */;
}
